
Microsoft Visual Studio Solution File, Format Version 12.00
# Visual Studio Version 17
VisualStudioVersion = 17.11.35208.52
MinimumVisualStudioVersion = 10.0.40219.1
Project("{FAE04EC0-301F-11D3-BF4B-00C04F79EFBC}") = "Calculadora", "Calculadora.csproj", "{FCFF3DA5-5632-4500-8B2E-CCD8BE4A7730}"
EndProject
Global
	GlobalSection(SolutionConfigurationPlatforms) = preSolution
		Debug|Any CPU = Debug|Any CPU
		Release|Any CPU = Release|Any CPU
	EndGlobalSection
	GlobalSection(ProjectConfigurationPlatforms) = postSolution
		{FCFF3DA5-5632-4500-8B2E-CCD8BE4A7730}.Debug|Any CPU.ActiveCfg = Debug|Any CPU
		{FCFF3DA5-5632-4500-8B2E-CCD8BE4A7730}.Debug|Any CPU.Build.0 = Debug|Any CPU
		{FCFF3DA5-5632-4500-8B2E-CCD8BE4A7730}.Release|Any CPU.ActiveCfg = Release|Any CPU
		{FCFF3DA5-5632-4500-8B2E-CCD8BE4A7730}.Release|Any CPU.Build.0 = Release|Any CPU
	EndGlobalSection
	GlobalSection(SolutionProperties) = preSolution
		HideSolutionNode = FALSE
	EndGlobalSection
	GlobalSection(ExtensibilityGlobals) = postSolution
		SolutionGuid = {D6BF7A6F-78BC-479B-AF07-92BA60CC3FD5}
	EndGlobalSection
EndGlobal
